{
  "name": "is-jared-bug",
  "version": "1.0.0",
  "lockfileVersion": 2,
  "requires": true,
  "packages": {
    "": {
      "name": "is-jared-bug",
      "version": "1.0.0",
      "license": "ISC",
      "dependencies": {
        "isjared": "^1.0.2"
      }
    },
    "node_modules/isjared": {
      "version": "1.0.2",
      "resolved": "https://registry.npmjs.org/isjared/-/isjared-1.0.2.tgz",
      "integrity": "sha512-L9HLUKRfATeruLmHPVVUUT1jcOXsIrf7r1k+Ho7Hy5MVyQd2CwjrX9FTHnx93tpKkSaIFWSIqhcnq9lf6cjeYA=="
    }
  },
  "dependencies": {
    "isjared": {
      "version": "1.0.2",
      "resolved": "https://registry.npmjs.org/isjared/-/isjared-1.0.2.tgz",
      "integrity": "sha512-L9HLUKRfATeruLmHPVVUUT1jcOXsIrf7r1k+Ho7Hy5MVyQd2CwjrX9FTHnx93tpKkSaIFWSIqhcnq9lf6cjeYA=="
    }
  }
}
